PODS:
  - Alamofire (5.9.1)
  - DropDown (2.3.13)
  - SideMenuSwift (2.1.1)

DEPENDENCIES:
  - Alamofire
  - DropDown
  - SideMenuSwift

SPEC REPOS:
  trunk:
    - Alamofire
    - DropDown
    - SideMenuSwift

SPEC CHECKSUMS:
  Alamofire: f36a35757af4587d8e4f4bfa223ad10be2422b8c
  DropDown: 8a2116376c1981888557f72ec2ffc9a5e0e456ec
  SideMenuSwift: 4dc9c94ffd8874b8331c0d5e316928385add9150

PODFILE CHECKSUM: 5da6cc94e80b636e534d26bb4ad11e7d9298abaf

COCOAPODS: 1.14.3
